
Microsoft Visual Studio Solution File, Format Version 12.00
# Visual Studio Version 17
VisualStudioVersion = 17.0.31423.177
MinimumVisualStudioVersion = 10.0.40219.1
Project("{FAE04EC0-301F-11D3-BF4B-00C04F79EFBC}") = "GithubTest", "GithubTest.csproj", "{88FD17DB-5ACE-4B9B-BC95-8387BF6DF856}"
EndProject
Global
	GlobalSection(SolutionConfigurationPlatforms) = preSolution
		Debug|Any CPU = Debug|Any CPU
		Release|Any CPU = Release|Any CPU
	EndGlobalSection
	GlobalSection(ProjectConfigurationPlatforms) = postSolution
		{88FD17DB-5ACE-4B9B-BC95-8387BF6DF856}.Debug|Any CPU.ActiveCfg = Debug|Any CPU
		{88FD17DB-5ACE-4B9B-BC95-8387BF6DF856}.Debug|Any CPU.Build.0 = Debug|Any CPU
		{88FD17DB-5ACE-4B9B-BC95-8387BF6DF856}.Release|Any CPU.ActiveCfg = Release|Any CPU
		{88FD17DB-5ACE-4B9B-BC95-8387BF6DF856}.Release|Any CPU.Build.0 = Release|Any CPU
	EndGlobalSection
	GlobalSection(SolutionProperties) = preSolution
		HideSolutionNode = FALSE
	EndGlobalSection
	GlobalSection(ExtensibilityGlobals) = postSolution
		SolutionGuid = {5B22608E-3F99-439C-805B-2F5675C78812}
	EndGlobalSection
EndGlobal
